
Microsoft Visual Studio Solution File, Format Version 12.00
# Visual Studio Version 17
VisualStudioVersion = 17.0.31912.275
MinimumVisualStudioVersion = 10.0.40219.1
Project("{9A19103F-16F7-4668-BE54-9A1E7A4F7556}") = "Base", "..\Base\Base\Base.csproj", "{B6B3FA51-673F-4408-A1AD-108C87C6389F}"
EndProject
Project("{9A19103F-16F7-4668-BE54-9A1E7A4F7556}") = "BaseWeb", "..\Base\BaseWeb\BaseWeb.csproj", "{66D4A6B8-D92D-4204-8DE7-358A0BB6F1BA}"
EndProject
Project("{9A19103F-16F7-4668-BE54-9A1E7A4F7556}") = "HrAdm", "HrAdm.csproj", "{03C9C647-D47D-4C38-BB73-D54E9622B340}"
EndProject
Project("{9A19103F-16F7-4668-BE54-9A1E7A4F7556}") = "DbAdm", "..\DbAdm\DbAdm.csproj", "{97565E7A-0600-495F-88B4-F7E9B3FB86BB}"
EndProject
Project("{9A19103F-16F7-4668-BE54-9A1E7A4F7556}") = "EasyRpt", "..\EasyRpt\EasyRpt.csproj", "{7C9B8F06-FDB9-4A91-AE1F-9E03D167BAF2}"
EndProject
Project("{9A19103F-16F7-4668-BE54-9A1E7A4F7556}") = "Mantis", "..\Mantis\Mantis.csproj", "{B06F1AC4-CA61-4A62-9E72-50578BACD531}"
EndProject
Project("{9A19103F-16F7-4668-BE54-9A1E7A4F7556}") = "BaoApi", "..\BaoApi\BaoApi.csproj", "{E9A4C1B7-9DCB-453F-A7B0-340CAC148536}"
EndProject
Project("{9A19103F-16F7-4668-BE54-9A1E7A4F7556}") = "BaseApi", "..\Base\BaseApi\BaseApi.csproj", "{852AB9AF-0F72-49B8-8745-85A002B7FFBC}"
EndProject
Project("{9A19103F-16F7-4668-BE54-9A1E7A4F7556}") = "BaoAdm", "..\BaoAdm\BaoAdm.csproj", "{73D13597-C48B-4F01-91B5-B78D77C0689C}"
EndProject
Project("{9A19103F-16F7-4668-BE54-9A1E7A4F7556}") = "BaoCron", "..\BaoCron\BaoCron.csproj", "{7B8485E9-7F7E-455F-B2E7-738357B0EE78}"
EndProject
Project("{9A19103F-16F7-4668-BE54-9A1E7A4F7556}") = "BaoLib", "..\BaoLib\BaoLib.csproj", "{EAA18887-0A82-4FC4-A272-DEBA1E205406}"
EndProject
Project("{9A19103F-16F7-4668-BE54-9A1E7A4F7556}") = "TplConsole", "..\TplConsole\TplConsole.csproj", "{7D1BEDD0-932E-4D35-B12E-38A11F89CD9E}"
EndProject
Project("{9A19103F-16F7-4668-BE54-9A1E7A4F7556}") = "TplMvc", "..\TplMvc\TplMvc.csproj", "{288E2EF7-75AF-4A2D-8E6A-58FDBABFDF59}"
EndProject
Project("{9A19103F-16F7-4668-BE54-9A1E7A4F7556}") = "TplApi", "..\TplApi\TplApi.csproj", "{934BBC3B-6CA7-4343-B3FB-1950D32C497B}"
EndProject
Project("{FAE04EC0-301F-11D3-BF4B-00C04F79EFBC}") = "BaoCust", "..\BaoCust\BaoCust.csproj", "{23A80F28-CFBF-4B10-943F-3CD1FFAC4BB6}"
EndProject
Global
	GlobalSection(SolutionConfigurationPlatforms) = preSolution
		Debug|Any CPU = Debug|Any CPU
		Debug-IP|Any CPU = Debug-IP|Any CPU
		Debug-Local|Any CPU = Debug-Local|Any CPU
		Release|Any CPU = Release|Any CPU
	EndGlobalSection
	GlobalSection(ProjectConfigurationPlatforms) = postSolution
		{B6B3FA51-673F-4408-A1AD-108C87C6389F}.Debug|Any CPU.ActiveCfg = Debug|Any CPU
		{B6B3FA51-673F-4408-A1AD-108C87C6389F}.Debug|Any CPU.Build.0 = Debug|Any CPU
		{B6B3FA51-673F-4408-A1AD-108C87C6389F}.Debug-IP|Any CPU.ActiveCfg = Debug-Local|Any CPU
		{B6B3FA51-673F-4408-A1AD-108C87C6389F}.Debug-IP|Any CPU.Build.0 = Debug-Local|Any CPU
		{B6B3FA51-673F-4408-A1AD-108C87C6389F}.Debug-Local|Any CPU.ActiveCfg = Debug-Local|Any CPU
		{B6B3FA51-673F-4408-A1AD-108C87C6389F}.Debug-Local|Any CPU.Build.0 = Debug-Local|Any CPU
		{B6B3FA51-673F-4408-A1AD-108C87C6389F}.Release|Any CPU.ActiveCfg = Release|Any CPU
		{B6B3FA51-673F-4408-A1AD-108C87C6389F}.Release|Any CPU.Build.0 = Release|Any CPU
		{66D4A6B8-D92D-4204-8DE7-358A0BB6F1BA}.Debug|Any CPU.ActiveCfg = Debug|Any CPU
		{66D4A6B8-D92D-4204-8DE7-358A0BB6F1BA}.Debug|Any CPU.Build.0 = Debug|Any CPU
		{66D4A6B8-D92D-4204-8DE7-358A0BB6F1BA}.Debug-IP|Any CPU.ActiveCfg = Debug|Any CPU
		{66D4A6B8-D92D-4204-8DE7-358A0BB6F1BA}.Debug-IP|Any CPU.Build.0 = Debug|Any CPU
		{66D4A6B8-D92D-4204-8DE7-358A0BB6F1BA}.Debug-Local|Any CPU.ActiveCfg = Debug|Any CPU
		{66D4A6B8-D92D-4204-8DE7-358A0BB6F1BA}.Debug-Local|Any CPU.Build.0 = Debug|Any CPU
		{66D4A6B8-D92D-4204-8DE7-358A0BB6F1BA}.Release|Any CPU.ActiveCfg = Release|Any CPU
		{66D4A6B8-D92D-4204-8DE7-358A0BB6F1BA}.Release|Any CPU.Build.0 = Release|Any CPU
		{03C9C647-D47D-4C38-BB73-D54E9622B340}.Debug|Any CPU.ActiveCfg = Debug|Any CPU
		{03C9C647-D47D-4C38-BB73-D54E9622B340}.Debug|Any CPU.Build.0 = Debug|Any CPU
		{03C9C647-D47D-4C38-BB73-D54E9622B340}.Debug-IP|Any CPU.ActiveCfg = Debug|Any CPU
		{03C9C647-D47D-4C38-BB73-D54E9622B340}.Debug-IP|Any CPU.Build.0 = Debug|Any CPU
		{03C9C647-D47D-4C38-BB73-D54E9622B340}.Debug-Local|Any CPU.ActiveCfg = Debug|Any CPU
		{03C9C647-D47D-4C38-BB73-D54E9622B340}.Debug-Local|Any CPU.Build.0 = Debug|Any CPU
		{03C9C647-D47D-4C38-BB73-D54E9622B340}.Release|Any CPU.ActiveCfg = Release|Any CPU
		{03C9C647-D47D-4C38-BB73-D54E9622B340}.Release|Any CPU.Build.0 = Release|Any CPU
		{97565E7A-0600-495F-88B4-F7E9B3FB86BB}.Debug|Any CPU.ActiveCfg = Debug|Any CPU
		{97565E7A-0600-495F-88B4-F7E9B3FB86BB}.Debug|Any CPU.Build.0 = Debug|Any CPU
		{97565E7A-0600-495F-88B4-F7E9B3FB86BB}.Debug-IP|Any CPU.ActiveCfg = Debug|Any CPU
		{97565E7A-0600-495F-88B4-F7E9B3FB86BB}.Debug-IP|Any CPU.Build.0 = Debug|Any CPU
		{97565E7A-0600-495F-88B4-F7E9B3FB86BB}.Debug-Local|Any CPU.ActiveCfg = Debug|Any CPU
		{97565E7A-0600-495F-88B4-F7E9B3FB86BB}.Debug-Local|Any CPU.Build.0 = Debug|Any CPU
		{97565E7A-0600-495F-88B4-F7E9B3FB86BB}.Release|Any CPU.ActiveCfg = Release|Any CPU
		{97565E7A-0600-495F-88B4-F7E9B3FB86BB}.Release|Any CPU.Build.0 = Release|Any CPU
		{7C9B8F06-FDB9-4A91-AE1F-9E03D167BAF2}.Debug|Any CPU.ActiveCfg = Debug|Any CPU
		{7C9B8F06-FDB9-4A91-AE1F-9E03D167BAF2}.Debug|Any CPU.Build.0 = Debug|Any CPU
		{7C9B8F06-FDB9-4A91-AE1F-9E03D167BAF2}.Debug-IP|Any CPU.ActiveCfg = Debug|Any CPU
		{7C9B8F06-FDB9-4A91-AE1F-9E03D167BAF2}.Debug-IP|Any CPU.Build.0 = Debug|Any CPU
		{7C9B8F06-FDB9-4A91-AE1F-9E03D167BAF2}.Debug-Local|Any CPU.ActiveCfg = Debug|Any CPU
		{7C9B8F06-FDB9-4A91-AE1F-9E03D167BAF2}.Debug-Local|Any CPU.Build.0 = Debug|Any CPU
		{7C9B8F06-FDB9-4A91-AE1F-9E03D167BAF2}.Release|Any CPU.ActiveCfg = Release|Any CPU
		{7C9B8F06-FDB9-4A91-AE1F-9E03D167BAF2}.Release|Any CPU.Build.0 = Release|Any CPU
		{B06F1AC4-CA61-4A62-9E72-50578BACD531}.Debug|Any CPU.ActiveCfg = Debug|Any CPU
		{B06F1AC4-CA61-4A62-9E72-50578BACD531}.Debug|Any CPU.Build.0 = Debug|Any CPU
		{B06F1AC4-CA61-4A62-9E72-50578BACD531}.Debug-IP|Any CPU.ActiveCfg = Debug|Any CPU
		{B06F1AC4-CA61-4A62-9E72-50578BACD531}.Debug-IP|Any CPU.Build.0 = Debug|Any CPU
		{B06F1AC4-CA61-4A62-9E72-50578BACD531}.Debug-Local|Any CPU.ActiveCfg = Debug|Any CPU
		{B06F1AC4-CA61-4A62-9E72-50578BACD531}.Debug-Local|Any CPU.Build.0 = Debug|Any CPU
		{B06F1AC4-CA61-4A62-9E72-50578BACD531}.Release|Any CPU.ActiveCfg = Release|Any CPU
		{B06F1AC4-CA61-4A62-9E72-50578BACD531}.Release|Any CPU.Build.0 = Release|Any CPU
		{E9A4C1B7-9DCB-453F-A7B0-340CAC148536}.Debug|Any CPU.ActiveCfg = Debug|Any CPU
		{E9A4C1B7-9DCB-453F-A7B0-340CAC148536}.Debug|Any CPU.Build.0 = Debug|Any CPU
		{E9A4C1B7-9DCB-453F-A7B0-340CAC148536}.Debug-IP|Any CPU.ActiveCfg = Debug-IP|Any CPU
		{E9A4C1B7-9DCB-453F-A7B0-340CAC148536}.Debug-IP|Any CPU.Build.0 = Debug-IP|Any CPU
		{E9A4C1B7-9DCB-453F-A7B0-340CAC148536}.Debug-Local|Any CPU.ActiveCfg = Debug-Local|Any CPU
		{E9A4C1B7-9DCB-453F-A7B0-340CAC148536}.Debug-Local|Any CPU.Build.0 = Debug-Local|Any CPU
		{E9A4C1B7-9DCB-453F-A7B0-340CAC148536}.Release|Any CPU.ActiveCfg = Release|Any CPU
		{E9A4C1B7-9DCB-453F-A7B0-340CAC148536}.Release|Any CPU.Build.0 = Release|Any CPU
		{852AB9AF-0F72-49B8-8745-85A002B7FFBC}.Debug|Any CPU.ActiveCfg = Debug|Any CPU
		{852AB9AF-0F72-49B8-8745-85A002B7FFBC}.Debug|Any CPU.Build.0 = Debug|Any CPU
		{852AB9AF-0F72-49B8-8745-85A002B7FFBC}.Debug-IP|Any CPU.ActiveCfg = Debug-IP|Any CPU
		{852AB9AF-0F72-49B8-8745-85A002B7FFBC}.Debug-IP|Any CPU.Build.0 = Debug-IP|Any CPU
		{852AB9AF-0F72-49B8-8745-85A002B7FFBC}.Debug-Local|Any CPU.ActiveCfg = Debug-Local|Any CPU
		{852AB9AF-0F72-49B8-8745-85A002B7FFBC}.Debug-Local|Any CPU.Build.0 = Debug-Local|Any CPU
		{852AB9AF-0F72-49B8-8745-85A002B7FFBC}.Release|Any CPU.ActiveCfg = Release|Any CPU
		{852AB9AF-0F72-49B8-8745-85A002B7FFBC}.Release|Any CPU.Build.0 = Release|Any CPU
		{73D13597-C48B-4F01-91B5-B78D77C0689C}.Debug|Any CPU.ActiveCfg = Debug|Any CPU
		{73D13597-C48B-4F01-91B5-B78D77C0689C}.Debug|Any CPU.Build.0 = Debug|Any CPU
		{73D13597-C48B-4F01-91B5-B78D77C0689C}.Debug-IP|Any CPU.ActiveCfg = Debug|Any CPU
		{73D13597-C48B-4F01-91B5-B78D77C0689C}.Debug-IP|Any CPU.Build.0 = Debug|Any CPU
		{73D13597-C48B-4F01-91B5-B78D77C0689C}.Debug-Local|Any CPU.ActiveCfg = Debug|Any CPU
		{73D13597-C48B-4F01-91B5-B78D77C0689C}.Debug-Local|Any CPU.Build.0 = Debug|Any CPU
		{73D13597-C48B-4F01-91B5-B78D77C0689C}.Release|Any CPU.ActiveCfg = Release|Any CPU
		{73D13597-C48B-4F01-91B5-B78D77C0689C}.Release|Any CPU.Build.0 = Release|Any CPU
		{7B8485E9-7F7E-455F-B2E7-738357B0EE78}.Debug|Any CPU.ActiveCfg = Debug|Any CPU
		{7B8485E9-7F7E-455F-B2E7-738357B0EE78}.Debug|Any CPU.Build.0 = Debug|Any CPU
		{7B8485E9-7F7E-455F-B2E7-738357B0EE78}.Debug-IP|Any CPU.ActiveCfg = Debug|Any CPU
		{7B8485E9-7F7E-455F-B2E7-738357B0EE78}.Debug-IP|Any CPU.Build.0 = Debug|Any CPU
		{7B8485E9-7F7E-455F-B2E7-738357B0EE78}.Debug-Local|Any CPU.ActiveCfg = Debug|Any CPU
		{7B8485E9-7F7E-455F-B2E7-738357B0EE78}.Debug-Local|Any CPU.Build.0 = Debug|Any CPU
		{7B8485E9-7F7E-455F-B2E7-738357B0EE78}.Release|Any CPU.ActiveCfg = Release|Any CPU
		{7B8485E9-7F7E-455F-B2E7-738357B0EE78}.Release|Any CPU.Build.0 = Release|Any CPU
		{EAA18887-0A82-4FC4-A272-DEBA1E205406}.Debug|Any CPU.ActiveCfg = Debug|Any CPU
		{EAA18887-0A82-4FC4-A272-DEBA1E205406}.Debug|Any CPU.Build.0 = Debug|Any CPU
		{EAA18887-0A82-4FC4-A272-DEBA1E205406}.Debug-IP|Any CPU.ActiveCfg = Debug|Any CPU
		{EAA18887-0A82-4FC4-A272-DEBA1E205406}.Debug-IP|Any CPU.Build.0 = Debug|Any CPU
		{EAA18887-0A82-4FC4-A272-DEBA1E205406}.Debug-Local|Any CPU.ActiveCfg = Debug|Any CPU
		{EAA18887-0A82-4FC4-A272-DEBA1E205406}.Debug-Local|Any CPU.Build.0 = Debug|Any CPU
		{EAA18887-0A82-4FC4-A272-DEBA1E205406}.Release|Any CPU.ActiveCfg = Release|Any CPU
		{EAA18887-0A82-4FC4-A272-DEBA1E205406}.Release|Any CPU.Build.0 = Release|Any CPU
		{7D1BEDD0-932E-4D35-B12E-38A11F89CD9E}.Debug|Any CPU.ActiveCfg = Debug|Any CPU
		{7D1BEDD0-932E-4D35-B12E-38A11F89CD9E}.Debug|Any CPU.Build.0 = Debug|Any CPU
		{7D1BEDD0-932E-4D35-B12E-38A11F89CD9E}.Debug-IP|Any CPU.ActiveCfg = Debug|Any CPU
		{7D1BEDD0-932E-4D35-B12E-38A11F89CD9E}.Debug-IP|Any CPU.Build.0 = Debug|Any CPU
		{7D1BEDD0-932E-4D35-B12E-38A11F89CD9E}.Debug-Local|Any CPU.ActiveCfg = Debug|Any CPU
		{7D1BEDD0-932E-4D35-B12E-38A11F89CD9E}.Debug-Local|Any CPU.Build.0 = Debug|Any CPU
		{7D1BEDD0-932E-4D35-B12E-38A11F89CD9E}.Release|Any CPU.ActiveCfg = Release|Any CPU
		{7D1BEDD0-932E-4D35-B12E-38A11F89CD9E}.Release|Any CPU.Build.0 = Release|Any CPU
		{288E2EF7-75AF-4A2D-8E6A-58FDBABFDF59}.Debug|Any CPU.ActiveCfg = Debug|Any CPU
		{288E2EF7-75AF-4A2D-8E6A-58FDBABFDF59}.Debug|Any CPU.Build.0 = Debug|Any CPU
		{288E2EF7-75AF-4A2D-8E6A-58FDBABFDF59}.Debug-IP|Any CPU.ActiveCfg = Debug|Any CPU
		{288E2EF7-75AF-4A2D-8E6A-58FDBABFDF59}.Debug-IP|Any CPU.Build.0 = Debug|Any CPU
		{288E2EF7-75AF-4A2D-8E6A-58FDBABFDF59}.Debug-Local|Any CPU.ActiveCfg = Debug|Any CPU
		{288E2EF7-75AF-4A2D-8E6A-58FDBABFDF59}.Debug-Local|Any CPU.Build.0 = Debug|Any CPU
		{288E2EF7-75AF-4A2D-8E6A-58FDBABFDF59}.Release|Any CPU.ActiveCfg = Release|Any CPU
		{288E2EF7-75AF-4A2D-8E6A-58FDBABFDF59}.Release|Any CPU.Build.0 = Release|Any CPU
		{934BBC3B-6CA7-4343-B3FB-1950D32C497B}.Debug|Any CPU.ActiveCfg = Debug|Any CPU
		{934BBC3B-6CA7-4343-B3FB-1950D32C497B}.Debug|Any CPU.Build.0 = Debug|Any CPU
		{934BBC3B-6CA7-4343-B3FB-1950D32C497B}.Debug-IP|Any CPU.ActiveCfg = Debug-IP|Any CPU
		{934BBC3B-6CA7-4343-B3FB-1950D32C497B}.Debug-IP|Any CPU.Build.0 = Debug-IP|Any CPU
		{934BBC3B-6CA7-4343-B3FB-1950D32C497B}.Debug-Local|Any CPU.ActiveCfg = Debug-Local|Any CPU
		{934BBC3B-6CA7-4343-B3FB-1950D32C497B}.Debug-Local|Any CPU.Build.0 = Debug-Local|Any CPU
		{934BBC3B-6CA7-4343-B3FB-1950D32C497B}.Release|Any CPU.ActiveCfg = Release|Any CPU
		{934BBC3B-6CA7-4343-B3FB-1950D32C497B}.Release|Any CPU.Build.0 = Release|Any CPU
		{23A80F28-CFBF-4B10-943F-3CD1FFAC4BB6}.Debug|Any CPU.ActiveCfg = Debug|Any CPU
		{23A80F28-CFBF-4B10-943F-3CD1FFAC4BB6}.Debug|Any CPU.Build.0 = Debug|Any CPU
		{23A80F28-CFBF-4B10-943F-3CD1FFAC4BB6}.Debug-IP|Any CPU.ActiveCfg = Debug|Any CPU
		{23A80F28-CFBF-4B10-943F-3CD1FFAC4BB6}.Debug-IP|Any CPU.Build.0 = Debug|Any CPU
		{23A80F28-CFBF-4B10-943F-3CD1FFAC4BB6}.Debug-Local|Any CPU.ActiveCfg = Debug|Any CPU
		{23A80F28-CFBF-4B10-943F-3CD1FFAC4BB6}.Debug-Local|Any CPU.Build.0 = Debug|Any CPU
		{23A80F28-CFBF-4B10-943F-3CD1FFAC4BB6}.Release|Any CPU.ActiveCfg = Release|Any CPU
		{23A80F28-CFBF-4B10-943F-3CD1FFAC4BB6}.Release|Any CPU.Build.0 = Release|Any CPU
	EndGlobalSection
	GlobalSection(SolutionProperties) = preSolution
		HideSolutionNode = FALSE
	EndGlobalSection
	GlobalSection(ExtensibilityGlobals) = postSolution
		SolutionGuid = {47949EE3-FAAA-464C-9E74-AA05C7F89DC5}
	EndGlobalSection
EndGlobal
