
Microsoft Visual Studio Solution File, Format Version 12.00
# Visual Studio Version 17
VisualStudioVersion = 17.0.31912.275
MinimumVisualStudioVersion = 10.0.40219.1
Project("{9A19103F-16F7-4668-BE54-9A1E7A4F7556}") = "Base", "..\Base\Base\Base.csproj", "{B6B3FA51-673F-4408-A1AD-108C87C6389F}"
EndProject
Project("{9A19103F-16F7-4668-BE54-9A1E7A4F7556}") = "BaseWeb", "..\Base\BaseWeb\BaseWeb.csproj", "{66D4A6B8-D92D-4204-8DE7-358A0BB6F1BA}"
EndProject
Project("{9A19103F-16F7-4668-BE54-9A1E7A4F7556}") = "HrAdm", "HrAdm.csproj", "{03C9C647-D47D-4C38-BB73-D54E9622B340}"
EndProject
Project("{9A19103F-16F7-4668-BE54-9A1E7A4F7556}") = "DbAdm", "..\DbAdm\DbAdm.csproj", "{97565E7A-0600-495F-88B4-F7E9B3FB86BB}"
EndProject
Project("{9A19103F-16F7-4668-BE54-9A1E7A4F7556}") = "BaseApi", "..\Base\BaseApi\BaseApi.csproj", "{852AB9AF-0F72-49B8-8745-85A002B7FFBC}"
EndProject
Project("{9A19103F-16F7-4668-BE54-9A1E7A4F7556}") = "KeyCmd", "..\KeyCmd\KeyCmd.csproj", "{2225F503-E854-4F94-A3DE-C5F1578E0961}"
EndProject
Project("{9A19103F-16F7-4668-BE54-9A1E7A4F7556}") = "TplMvc", "..\TplMvc\TplMvc.csproj", "{539D2057-8B68-4B27-92C8-9991F3C62624}"
EndProject
Global
	GlobalSection(SolutionConfigurationPlatforms) = preSolution
		Debug|Any CPU = Debug|Any CPU
		Debug-IP|Any CPU = Debug-IP|Any CPU
		Debug-Local|Any CPU = Debug-Local|Any CPU
		Release|Any CPU = Release|Any CPU
	EndGlobalSection
	GlobalSection(ProjectConfigurationPlatforms) = postSolution
		{B6B3FA51-673F-4408-A1AD-108C87C6389F}.Debug|Any CPU.ActiveCfg = Debug|Any CPU
		{B6B3FA51-673F-4408-A1AD-108C87C6389F}.Debug|Any CPU.Build.0 = Debug|Any CPU
		{B6B3FA51-673F-4408-A1AD-108C87C6389F}.Debug-IP|Any CPU.ActiveCfg = Debug-Local|Any CPU
		{B6B3FA51-673F-4408-A1AD-108C87C6389F}.Debug-IP|Any CPU.Build.0 = Debug-Local|Any CPU
		{B6B3FA51-673F-4408-A1AD-108C87C6389F}.Debug-Local|Any CPU.ActiveCfg = Debug-Local|Any CPU
		{B6B3FA51-673F-4408-A1AD-108C87C6389F}.Debug-Local|Any CPU.Build.0 = Debug-Local|Any CPU
		{B6B3FA51-673F-4408-A1AD-108C87C6389F}.Release|Any CPU.ActiveCfg = Release|Any CPU
		{B6B3FA51-673F-4408-A1AD-108C87C6389F}.Release|Any CPU.Build.0 = Release|Any CPU
		{66D4A6B8-D92D-4204-8DE7-358A0BB6F1BA}.Debug|Any CPU.ActiveCfg = Debug|Any CPU
		{66D4A6B8-D92D-4204-8DE7-358A0BB6F1BA}.Debug|Any CPU.Build.0 = Debug|Any CPU
		{66D4A6B8-D92D-4204-8DE7-358A0BB6F1BA}.Debug-IP|Any CPU.ActiveCfg = Debug|Any CPU
		{66D4A6B8-D92D-4204-8DE7-358A0BB6F1BA}.Debug-IP|Any CPU.Build.0 = Debug|Any CPU
		{66D4A6B8-D92D-4204-8DE7-358A0BB6F1BA}.Debug-Local|Any CPU.ActiveCfg = Debug|Any CPU
		{66D4A6B8-D92D-4204-8DE7-358A0BB6F1BA}.Debug-Local|Any CPU.Build.0 = Debug|Any CPU
		{66D4A6B8-D92D-4204-8DE7-358A0BB6F1BA}.Release|Any CPU.ActiveCfg = Release|Any CPU
		{66D4A6B8-D92D-4204-8DE7-358A0BB6F1BA}.Release|Any CPU.Build.0 = Release|Any CPU
		{03C9C647-D47D-4C38-BB73-D54E9622B340}.Debug|Any CPU.ActiveCfg = Debug|Any CPU
		{03C9C647-D47D-4C38-BB73-D54E9622B340}.Debug|Any CPU.Build.0 = Debug|Any CPU
		{03C9C647-D47D-4C38-BB73-D54E9622B340}.Debug-IP|Any CPU.ActiveCfg = Debug|Any CPU
		{03C9C647-D47D-4C38-BB73-D54E9622B340}.Debug-IP|Any CPU.Build.0 = Debug|Any CPU
		{03C9C647-D47D-4C38-BB73-D54E9622B340}.Debug-Local|Any CPU.ActiveCfg = Debug|Any CPU
		{03C9C647-D47D-4C38-BB73-D54E9622B340}.Debug-Local|Any CPU.Build.0 = Debug|Any CPU
		{03C9C647-D47D-4C38-BB73-D54E9622B340}.Release|Any CPU.ActiveCfg = Release|Any CPU
		{03C9C647-D47D-4C38-BB73-D54E9622B340}.Release|Any CPU.Build.0 = Release|Any CPU
		{97565E7A-0600-495F-88B4-F7E9B3FB86BB}.Debug|Any CPU.ActiveCfg = Debug|Any CPU
		{97565E7A-0600-495F-88B4-F7E9B3FB86BB}.Debug|Any CPU.Build.0 = Debug|Any CPU
		{97565E7A-0600-495F-88B4-F7E9B3FB86BB}.Debug-IP|Any CPU.ActiveCfg = Debug|Any CPU
		{97565E7A-0600-495F-88B4-F7E9B3FB86BB}.Debug-IP|Any CPU.Build.0 = Debug|Any CPU
		{97565E7A-0600-495F-88B4-F7E9B3FB86BB}.Debug-Local|Any CPU.ActiveCfg = Debug|Any CPU
		{97565E7A-0600-495F-88B4-F7E9B3FB86BB}.Debug-Local|Any CPU.Build.0 = Debug|Any CPU
		{97565E7A-0600-495F-88B4-F7E9B3FB86BB}.Release|Any CPU.ActiveCfg = Release|Any CPU
		{97565E7A-0600-495F-88B4-F7E9B3FB86BB}.Release|Any CPU.Build.0 = Release|Any CPU
		{852AB9AF-0F72-49B8-8745-85A002B7FFBC}.Debug|Any CPU.ActiveCfg = Debug|Any CPU
		{852AB9AF-0F72-49B8-8745-85A002B7FFBC}.Debug|Any CPU.Build.0 = Debug|Any CPU
		{852AB9AF-0F72-49B8-8745-85A002B7FFBC}.Debug-IP|Any CPU.ActiveCfg = Debug-IP|Any CPU
		{852AB9AF-0F72-49B8-8745-85A002B7FFBC}.Debug-IP|Any CPU.Build.0 = Debug-IP|Any CPU
		{852AB9AF-0F72-49B8-8745-85A002B7FFBC}.Debug-Local|Any CPU.ActiveCfg = Debug-Local|Any CPU
		{852AB9AF-0F72-49B8-8745-85A002B7FFBC}.Debug-Local|Any CPU.Build.0 = Debug-Local|Any CPU
		{852AB9AF-0F72-49B8-8745-85A002B7FFBC}.Release|Any CPU.ActiveCfg = Release|Any CPU
		{852AB9AF-0F72-49B8-8745-85A002B7FFBC}.Release|Any CPU.Build.0 = Release|Any CPU
		{2225F503-E854-4F94-A3DE-C5F1578E0961}.Debug|Any CPU.ActiveCfg = Debug|Any CPU
		{2225F503-E854-4F94-A3DE-C5F1578E0961}.Debug|Any CPU.Build.0 = Debug|Any CPU
		{2225F503-E854-4F94-A3DE-C5F1578E0961}.Debug-IP|Any CPU.ActiveCfg = Debug|Any CPU
		{2225F503-E854-4F94-A3DE-C5F1578E0961}.Debug-IP|Any CPU.Build.0 = Debug|Any CPU
		{2225F503-E854-4F94-A3DE-C5F1578E0961}.Debug-Local|Any CPU.ActiveCfg = Debug|Any CPU
		{2225F503-E854-4F94-A3DE-C5F1578E0961}.Debug-Local|Any CPU.Build.0 = Debug|Any CPU
		{2225F503-E854-4F94-A3DE-C5F1578E0961}.Release|Any CPU.ActiveCfg = Release|Any CPU
		{2225F503-E854-4F94-A3DE-C5F1578E0961}.Release|Any CPU.Build.0 = Release|Any CPU
		{539D2057-8B68-4B27-92C8-9991F3C62624}.Debug|Any CPU.ActiveCfg = Debug|Any CPU
		{539D2057-8B68-4B27-92C8-9991F3C62624}.Debug|Any CPU.Build.0 = Debug|Any CPU
		{539D2057-8B68-4B27-92C8-9991F3C62624}.Debug-IP|Any CPU.ActiveCfg = Debug|Any CPU
		{539D2057-8B68-4B27-92C8-9991F3C62624}.Debug-IP|Any CPU.Build.0 = Debug|Any CPU
		{539D2057-8B68-4B27-92C8-9991F3C62624}.Debug-Local|Any CPU.ActiveCfg = Debug|Any CPU
		{539D2057-8B68-4B27-92C8-9991F3C62624}.Debug-Local|Any CPU.Build.0 = Debug|Any CPU
		{539D2057-8B68-4B27-92C8-9991F3C62624}.Release|Any CPU.ActiveCfg = Release|Any CPU
		{539D2057-8B68-4B27-92C8-9991F3C62624}.Release|Any CPU.Build.0 = Release|Any CPU
	EndGlobalSection
	GlobalSection(SolutionProperties) = preSolution
		HideSolutionNode = FALSE
	EndGlobalSection
	GlobalSection(ExtensibilityGlobals) = postSolution
		SolutionGuid = {47949EE3-FAAA-464C-9E74-AA05C7F89DC5}
	EndGlobalSection
EndGlobal
